
Microsoft Visual Studio Solution File, Format Version 12.00
# Visual Studio Version 17
VisualStudioVersion = 17.8.34316.72
MinimumVisualStudioVersion = 10.0.40219.1
Project("{FAE04EC0-301F-11D3-BF4B-00C04F79EFBC}") = "Example 17-Classes and Objects ConsoleApp", "Example 17-Classes and Objects ConsoleApp.csproj", "{43C22E4C-BA81-4D60-BD90-05CF9224D215}"
EndProject
Global
	GlobalSection(SolutionConfigurationPlatforms) = preSolution
		Debug|Any CPU = Debug|Any CPU
		Release|Any CPU = Release|Any CPU
	EndGlobalSection
	GlobalSection(ProjectConfigurationPlatforms) = postSolution
		{43C22E4C-BA81-4D60-BD90-05CF9224D215}.Debug|Any CPU.ActiveCfg = Debug|Any CPU
		{43C22E4C-BA81-4D60-BD90-05CF9224D215}.Debug|Any CPU.Build.0 = Debug|Any CPU
		{43C22E4C-BA81-4D60-BD90-05CF9224D215}.Release|Any CPU.ActiveCfg = Release|Any CPU
		{43C22E4C-BA81-4D60-BD90-05CF9224D215}.Release|Any CPU.Build.0 = Release|Any CPU
	EndGlobalSection
	GlobalSection(SolutionProperties) = preSolution
		HideSolutionNode = FALSE
	EndGlobalSection
	GlobalSection(ExtensibilityGlobals) = postSolution
		SolutionGuid = {6559543E-B67F-4F46-9470-5834D50A3632}
	EndGlobalSection
EndGlobal
